
Microsoft Visual Studio Solution File, Format Version 12.00
# Visual Studio Version 17
VisualStudioVersion = 17.0.31903.59
MinimumVisualStudioVersion = 10.0.40219.1
Project("{FAE04EC0-301F-11D3-BF4B-00C04F79EFBC}") = "Abstract", "Abstract\Abstract.csproj", "{64E539D4-15E4-4E3C-97C1-8F6860383264}"
EndProject
Project("{FAE04EC0-301F-11D3-BF4B-00C04F79EFBC}") = "Interface", "Interface\Interface.csproj", "{9EBA099D-3885-4FBE-B48E-F079BA847556}"
EndProject
Global
	GlobalSection(SolutionConfigurationPlatforms) = preSolution
		Debug|Any CPU = Debug|Any CPU
		Release|Any CPU = Release|Any CPU
	EndGlobalSection
	GlobalSection(SolutionProperties) = preSolution
		HideSolutionNode = FALSE
	EndGlobalSection
	GlobalSection(ProjectConfigurationPlatforms) = postSolution
		{64E539D4-15E4-4E3C-97C1-8F6860383264}.Debug|Any CPU.ActiveCfg = Debug|Any CPU
		{64E539D4-15E4-4E3C-97C1-8F6860383264}.Debug|Any CPU.Build.0 = Debug|Any CPU
		{64E539D4-15E4-4E3C-97C1-8F6860383264}.Release|Any CPU.ActiveCfg = Release|Any CPU
		{64E539D4-15E4-4E3C-97C1-8F6860383264}.Release|Any CPU.Build.0 = Release|Any CPU
		{9EBA099D-3885-4FBE-B48E-F079BA847556}.Debug|Any CPU.ActiveCfg = Debug|Any CPU
		{9EBA099D-3885-4FBE-B48E-F079BA847556}.Debug|Any CPU.Build.0 = Debug|Any CPU
		{9EBA099D-3885-4FBE-B48E-F079BA847556}.Release|Any CPU.ActiveCfg = Release|Any CPU
		{9EBA099D-3885-4FBE-B48E-F079BA847556}.Release|Any CPU.Build.0 = Release|Any CPU
	EndGlobalSection
EndGlobal
